
Microsoft Visual Studio Solution File, Format Version 12.00
# Visual Studio 2015
Project("{FAE04EC0-301F-11D3-BF4B-00C04F79EFBC}") = "uHeroes", "uHeroes.csproj", "{3D40F6F7-0152-9872-08A9-E1E3FEAA4A83}"
EndProject
Project("{FAE04EC0-301F-11D3-BF4B-00C04F79EFBC}") = "uHeroes.Editor", "uHeroes.Editor.csproj", "{FDC1F38E-93E3-5364-031F-C07F2C7B129C}"
EndProject
Global
	GlobalSection(SolutionConfigurationPlatforms) = preSolution
		Debug|Any CPU = Debug|Any CPU
		Release|Any CPU = Release|Any CPU
	EndGlobalSection
	GlobalSection(ProjectConfigurationPlatforms) = postSolution
		{3D40F6F7-0152-9872-08A9-E1E3FEAA4A83}.Debug|Any CPU.ActiveCfg = Debug|Any CPU
		{3D40F6F7-0152-9872-08A9-E1E3FEAA4A83}.Debug|Any CPU.Build.0 = Debug|Any CPU
		{3D40F6F7-0152-9872-08A9-E1E3FEAA4A83}.Release|Any CPU.ActiveCfg = Release|Any CPU
		{3D40F6F7-0152-9872-08A9-E1E3FEAA4A83}.Release|Any CPU.Build.0 = Release|Any CPU
		{FDC1F38E-93E3-5364-031F-C07F2C7B129C}.Debug|Any CPU.ActiveCfg = Debug|Any CPU
		{FDC1F38E-93E3-5364-031F-C07F2C7B129C}.Debug|Any CPU.Build.0 = Debug|Any CPU
		{FDC1F38E-93E3-5364-031F-C07F2C7B129C}.Release|Any CPU.ActiveCfg = Release|Any CPU
		{FDC1F38E-93E3-5364-031F-C07F2C7B129C}.Release|Any CPU.Build.0 = Release|Any CPU
	EndGlobalSection
	GlobalSection(SolutionProperties) = preSolution
		HideSolutionNode = FALSE
	EndGlobalSection
EndGlobal
